
Microsoft Visual Studio Solution File, Format Version 12.00
# Visual Studio Version 17
VisualStudioVersion = 17.3.32901.215
MinimumVisualStudioVersion = 10.0.40219.1
Project("{FAE04EC0-301F-11D3-BF4B-00C04F79EFBC}") = "DiceRoller", "DiceRoller\DiceRoller.csproj", "{73D076E2-E1A4-4DEA-8D3B-D64728624697}"
EndProject
Global
	GlobalSection(SolutionConfigurationPlatforms) = preSolution
		Debug|Any CPU = Debug|Any CPU
		Release|Any CPU = Release|Any CPU
	EndGlobalSection
	GlobalSection(ProjectConfigurationPlatforms) = postSolution
		{73D076E2-E1A4-4DEA-8D3B-D64728624697}.Debug|Any CPU.ActiveCfg = Debug|Any CPU
		{73D076E2-E1A4-4DEA-8D3B-D64728624697}.Debug|Any CPU.Build.0 = Debug|Any CPU
		{73D076E2-E1A4-4DEA-8D3B-D64728624697}.Release|Any CPU.ActiveCfg = Release|Any CPU
		{73D076E2-E1A4-4DEA-8D3B-D64728624697}.Release|Any CPU.Build.0 = Release|Any CPU
	EndGlobalSection
	GlobalSection(SolutionProperties) = preSolution
		HideSolutionNode = FALSE
	EndGlobalSection
	GlobalSection(ExtensibilityGlobals) = postSolution
		SolutionGuid = {601B546A-9DFE-4D82-BC41-07BAA800782C}
	EndGlobalSection
EndGlobal
